
Microsoft Visual Studio Solution File, Format Version 12.00
# Visual Studio Version 16
VisualStudioVersion = 16.0.29519.181
MinimumVisualStudioVersion = 10.0.40219.1
Project("{9A19103F-16F7-4668-BE54-9A1E7A4F7556}") = "web", "web\web.csproj", "{A2AC50D5-B94A-4EDE-BD58-C47663054A49}"
EndProject
Project("{9A19103F-16F7-4668-BE54-9A1E7A4F7556}") = "RabbitmQ", "RabbitmQ\RabbitmQ.csproj", "{6E7DF6C1-3976-4997-8B44-62CA648AB7A5}"
EndProject
Project("{FAE04EC0-301F-11D3-BF4B-00C04F79EFBC}") = "ES", "ES\ES.csproj", "{9624830F-3432-41A5-914C-46EF41E3536F}"
EndProject
Global
	GlobalSection(SolutionConfigurationPlatforms) = preSolution
		Debug|Any CPU = Debug|Any CPU
		Release|Any CPU = Release|Any CPU
	EndGlobalSection
	GlobalSection(ProjectConfigurationPlatforms) = postSolution
		{A2AC50D5-B94A-4EDE-BD58-C47663054A49}.Debug|Any CPU.ActiveCfg = Debug|Any CPU
		{A2AC50D5-B94A-4EDE-BD58-C47663054A49}.Debug|Any CPU.Build.0 = Debug|Any CPU
		{A2AC50D5-B94A-4EDE-BD58-C47663054A49}.Release|Any CPU.ActiveCfg = Release|Any CPU
		{A2AC50D5-B94A-4EDE-BD58-C47663054A49}.Release|Any CPU.Build.0 = Release|Any CPU
		{6E7DF6C1-3976-4997-8B44-62CA648AB7A5}.Debug|Any CPU.ActiveCfg = Debug|Any CPU
		{6E7DF6C1-3976-4997-8B44-62CA648AB7A5}.Debug|Any CPU.Build.0 = Debug|Any CPU
		{6E7DF6C1-3976-4997-8B44-62CA648AB7A5}.Release|Any CPU.ActiveCfg = Release|Any CPU
		{6E7DF6C1-3976-4997-8B44-62CA648AB7A5}.Release|Any CPU.Build.0 = Release|Any CPU
		{9624830F-3432-41A5-914C-46EF41E3536F}.Debug|Any CPU.ActiveCfg = Debug|Any CPU
		{9624830F-3432-41A5-914C-46EF41E3536F}.Debug|Any CPU.Build.0 = Debug|Any CPU
		{9624830F-3432-41A5-914C-46EF41E3536F}.Release|Any CPU.ActiveCfg = Release|Any CPU
		{9624830F-3432-41A5-914C-46EF41E3536F}.Release|Any CPU.Build.0 = Release|Any CPU
	EndGlobalSection
	GlobalSection(SolutionProperties) = preSolution
		HideSolutionNode = FALSE
	EndGlobalSection
	GlobalSection(ExtensibilityGlobals) = postSolution
		SolutionGuid = {846C1A4C-EB30-47CE-98FD-D4EC8903E520}
	EndGlobalSection
EndGlobal
